
Microsoft Visual Studio Solution File, Format Version 12.00
# Visual Studio Version 16
VisualStudioVersion = 25.0.1706.9
MinimumVisualStudioVersion = 10.0.40219.1
Project("{FAE04EC0-301F-11D3-BF4B-00C04F79EFBC}") = "ASPNET-Exercise", "ASPNET-Exercise\ASPNET-Exercise.csproj", "{A26C330B-0506-409F-8C57-F4DF7C9F1376}"
EndProject
Global
	GlobalSection(SolutionConfigurationPlatforms) = preSolution
		Debug|Any CPU = Debug|Any CPU
		Release|Any CPU = Release|Any CPU
	EndGlobalSection
	GlobalSection(ProjectConfigurationPlatforms) = postSolution
		{A26C330B-0506-409F-8C57-F4DF7C9F1376}.Debug|Any CPU.ActiveCfg = Debug|Any CPU
		{A26C330B-0506-409F-8C57-F4DF7C9F1376}.Debug|Any CPU.Build.0 = Debug|Any CPU
		{A26C330B-0506-409F-8C57-F4DF7C9F1376}.Release|Any CPU.ActiveCfg = Release|Any CPU
		{A26C330B-0506-409F-8C57-F4DF7C9F1376}.Release|Any CPU.Build.0 = Release|Any CPU
	EndGlobalSection
	GlobalSection(SolutionProperties) = preSolution
		HideSolutionNode = FALSE
	EndGlobalSection
	GlobalSection(ExtensibilityGlobals) = postSolution
		SolutionGuid = {317F302F-DF90-4D11-B7B6-D2C693F13264}
	EndGlobalSection
EndGlobal
